
Microsoft Visual Studio Solution File, Format Version 12.00
# Visual Studio Version 16
VisualStudioVersion = 16.0.33529.622
MinimumVisualStudioVersion = 10.0.40219.1
Project("{FAE04EC0-301F-11D3-BF4B-00C04F79EFBC}") = "DemirokPansiyonV.1", "DemirokPansiyonV.1\DemirokPansiyonV.1.csproj", "{34EE8DD5-0EB1-4A56-AA75-9141BEB0B621}"
EndProject
Global
	GlobalSection(SolutionConfigurationPlatforms) = preSolution
		Debug|Any CPU = Debug|Any CPU
		Release|Any CPU = Release|Any CPU
	EndGlobalSection
	GlobalSection(ProjectConfigurationPlatforms) = postSolution
		{34EE8DD5-0EB1-4A56-AA75-9141BEB0B621}.Debug|Any CPU.ActiveCfg = Debug|Any CPU
		{34EE8DD5-0EB1-4A56-AA75-9141BEB0B621}.Debug|Any CPU.Build.0 = Debug|Any CPU
		{34EE8DD5-0EB1-4A56-AA75-9141BEB0B621}.Release|Any CPU.ActiveCfg = Release|Any CPU
		{34EE8DD5-0EB1-4A56-AA75-9141BEB0B621}.Release|Any CPU.Build.0 = Release|Any CPU
	EndGlobalSection
	GlobalSection(SolutionProperties) = preSolution
		HideSolutionNode = FALSE
	EndGlobalSection
	GlobalSection(ExtensibilityGlobals) = postSolution
		SolutionGuid = {4ED01A42-9E60-4B36-8060-3CF981D9F4BB}
	EndGlobalSection
EndGlobal
